// !$*UTF8*$!
{
	archiveVersion = 1;
	classes = {
	};
	objectVersion = 56;
	objects = {

/* Begin PBXBuildFile section */
		75091CED2B18214700AD0BBE /* View+Extension.swift in Sources */ = {isa = PBXBuildFile; fileRef = 75091CEC2B18214700AD0BBE /* View+Extension.swift */; };
		75091CF12B18227A00AD0BBE /* Tab.swift in Sources */ = {isa = PBXBuildFile; fileRef = 75091CF02B18227A00AD0BBE /* Tab.swift */; };
		75091CF32B18228200AD0BBE /* WindowSharedModel.swift in Sources */ = {isa = PBXBuildFile; fileRef = 75091CF22B18228200AD0BBE /* WindowSharedModel.swift */; };
		75091CF52B1828C500AD0BBE /* ScooterCard.swift in Sources */ = {isa = PBXBuildFile; fileRef = 75091CF42B1828C500AD0BBE /* ScooterCard.swift */; };
		75091CF72B182CA900AD0BBE /* BatteryBar.swift in Sources */ = {isa = PBXBuildFile; fileRef = 75091CF62B182CA900AD0BBE /* BatteryBar.swift */; };
		75091CF92B182E9B00AD0BBE /* IDBar.swift in Sources */ = {isa = PBXBuildFile; fileRef = 75091CF82B182E9B00AD0BBE /* IDBar.swift */; };
		75091CFB2B18477F00AD0BBE /* MapLocation.swift in Sources */ = {isa = PBXBuildFile; fileRef = 75091CFA2B18477F00AD0BBE /* MapLocation.swift */; };
		75091CFE2B1847F400AD0BBE /* CustomTabBar.swift in Sources */ = {isa = PBXBuildFile; fileRef = 75091CFD2B1847F400AD0BBE /* CustomTabBar.swift */; };
		75091D002B1848ED00AD0BBE /* MapHelper.swift in Sources */ = {isa = PBXBuildFile; fileRef = 75091CFF2B1848ED00AD0BBE /* MapHelper.swift */; };
		758567442B09760C00C4332A /* ScooterApp.swift in Sources */ = {isa = PBXBuildFile; fileRef = 758567432B09760C00C4332A /* ScooterApp.swift */; };
		758567462B09760C00C4332A /* ContentView.swift in Sources */ = {isa = PBXBuildFile; fileRef = 758567452B09760C00C4332A /* ContentView.swift */; };
		758567482B09760D00C4332A /* Assets.xcassets in Resources */ = {isa = PBXBuildFile; fileRef = 758567472B09760D00C4332A /* Assets.xcassets */; };
		7585674B2B09760D00C4332A /* Preview Assets.xcassets in Resources */ = {isa = PBXBuildFile; fileRef = 7585674A2B09760D00C4332A /* Preview Assets.xcassets */; };
		758567552B09760D00C4332A /* ScooterTests.swift in Sources */ = {isa = PBXBuildFile; fileRef = 758567542B09760D00C4332A /* ScooterTests.swift */; };
		7585675F2B09760D00C4332A /* ScooterUITests.swift in Sources */ = {isa = PBXBuildFile; fileRef = 7585675E2B09760D00C4332A /* ScooterUITests.swift */; };
		758567612B09760D00C4332A /* ScooterUITestsLaunchTests.swift in Sources */ = {isa = PBXBuildFile; fileRef = 758567602B09760D00C4332A /* ScooterUITestsLaunchTests.swift */; };
		75E844B62B09788E00F87120 /* README.md in Resources */ = {isa = PBXBuildFile; fileRef = 75E844B32B09788E00F87120 /* README.md */; };
		75E844B72B09788E00F87120 /* .gitignore in Resources */ = {isa = PBXBuildFile; fileRef = 75E844B42B09788E00F87120 /* .gitignore */; };
		75E844B82B09788E00F87120 /* LICENSE in Resources */ = {isa = PBXBuildFile; fileRef = 75E844B52B09788E00F87120 /* LICENSE */; };
/* End PBXBuildFile section */

/* Begin PBXContainerItemProxy section */
		758567512B09760D00C4332A /* PBXContainerItemProxy */ = {
			isa = PBXContainerItemProxy;
			containerPortal = 758567382B09760C00C4332A /* Project object */;
			proxyType = 1;
			remoteGlobalIDString = 7585673F2B09760C00C4332A;
			remoteInfo = Scooter;
		};
		7585675B2B09760D00C4332A /* PBXContainerItemProxy */ = {
			isa = PBXContainerItemProxy;
			containerPortal = 758567382B09760C00C4332A /* Project object */;
			proxyType = 1;
			remoteGlobalIDString = 7585673F2B09760C00C4332A;
			remoteInfo = Scooter;
		};
/* End PBXContainerItemProxy section */

/* Begin PBXFileReference section */
		75091CEC2B18214700AD0BBE /* View+Extension.swift */ = {isa = PBXFileReference; lastKnownFileType = sourcecode.swift; path = "View+Extension.swift"; sourceTree = "<group>"; };
		75091CF02B18227A00AD0BBE /* Tab.swift */ = {isa = PBXFileReference; lastKnownFileType = sourcecode.swift; path = Tab.swift; sourceTree = "<group>"; };
		75091CF22B18228200AD0BBE /* WindowSharedModel.swift */ = {isa = PBXFileReference; lastKnownFileType = sourcecode.swift; path = WindowSharedModel.swift; sourceTree = "<group>"; };
		75091CF42B1828C500AD0BBE /* ScooterCard.swift */ = {isa = PBXFileReference; lastKnownFileType = sourcecode.swift; path = ScooterCard.swift; sourceTree = "<group>"; };
		75091CF62B182CA900AD0BBE /* BatteryBar.swift */ = {isa = PBXFileReference; lastKnownFileType = sourcecode.swift; path = BatteryBar.swift; sourceTree = "<group>"; };
		75091CF82B182E9B00AD0BBE /* IDBar.swift */ = {isa = PBXFileReference; lastKnownFileType = sourcecode.swift; path = IDBar.swift; sourceTree = "<group>"; };
		75091CFA2B18477F00AD0BBE /* MapLocation.swift */ = {isa = PBXFileReference; lastKnownFileType = sourcecode.swift; path = MapLocation.swift; sourceTree = "<group>"; };
		75091CFD2B1847F400AD0BBE /* CustomTabBar.swift */ = {isa = PBXFileReference; lastKnownFileType = sourcecode.swift; path = CustomTabBar.swift; sourceTree = "<group>"; };
		75091CFF2B1848ED00AD0BBE /* MapHelper.swift */ = {isa = PBXFileReference; lastKnownFileType = sourcecode.swift; path = MapHelper.swift; sourceTree = "<group>"; };
		75091D012B18531200AD0BBE /* Info.plist */ = {isa = PBXFileReference; lastKnownFileType = text.plist; path = Info.plist; sourceTree = "<group>"; };
		758567402B09760C00C4332A /* Scooter.app */ = {isa = PBXFileReference; explicitFileType = wrapper.application; includeInIndex = 0; path = Scooter.app; sourceTree = BUILT_PRODUCTS_DIR; };
		758567432B09760C00C4332A /* ScooterApp.swift */ = {isa = PBXFileReference; lastKnownFileType = sourcecode.swift; path = ScooterApp.swift; sourceTree = "<group>"; };
		758567452B09760C00C4332A /* ContentView.swift */ = {isa = PBXFileReference; lastKnownFileType = sourcecode.swift; path = ContentView.swift; sourceTree = "<group>"; };
		758567472B09760D00C4332A /* Assets.xcassets */ = {isa = PBXFileReference; lastKnownFileType = folder.assetcatalog; path = Assets.xcassets; sourceTree = "<group>"; };
		7585674A2B09760D00C4332A /* Preview Assets.xcassets */ = {isa = PBXFileReference; lastKnownFileType = folder.assetcatalog; path = "Preview Assets.xcassets"; sourceTree = "<group>"; };
		758567502B09760D00C4332A /* ScooterTests.xctest */ = {isa = PBXFileReference; explicitFileType = wrapper.cfbundle; includeInIndex = 0; path = ScooterTests.xctest; sourceTree = BUILT_PRODUCTS_DIR; };
		758567542B09760D00C4332A /* ScooterTests.swift */ = {isa = PBXFileReference; lastKnownFileType = sourcecode.swift; path = ScooterTests.swift; sourceTree = "<group>"; };
		7585675A2B09760D00C4332A /* ScooterUITests.xctest */ = {isa = PBXFileReference; explicitFileType = wrapper.cfbundle; includeInIndex = 0; path = ScooterUITests.xctest; sourceTree = BUILT_PRODUCTS_DIR; };
		7585675E2B09760D00C4332A /* ScooterUITests.swift */ = {isa = PBXFileReference; lastKnownFileType = sourcecode.swift; path = ScooterUITests.swift; sourceTree = "<group>"; };
		758567602B09760D00C4332A /* ScooterUITestsLaunchTests.swift */ = {isa = PBXFileReference; lastKnownFileType = sourcecode.swift; path = ScooterUITestsLaunchTests.swift; sourceTree = "<group>"; };
		75E844B32B09788E00F87120 /* README.md */ = {isa = PBXFileReference; fileEncoding = 4; lastKnownFileType = net.daringfireball.markdown; path = README.md; sourceTree = "<group>"; };
		75E844B42B09788E00F87120 /* .gitignore */ = {isa = PBXFileReference; fileEncoding = 4; lastKnownFileType = text; path = .gitignore; sourceTree = "<group>"; };
		75E844B52B09788E00F87120 /* LICENSE */ = {isa = PBXFileReference; fileEncoding = 4; lastKnownFileType = text; path = LICENSE; sourceTree = "<group>"; };
/* End PBXFileReference section */

/* Begin PBXFrameworksBuildPhase section */
		7585673D2B09760C00C4332A /* Frameworks */ = {
			isa = PBXFrameworksBuildPhase;
			buildActionMask = 2147483647;
			files = (
			);
			runOnlyForDeploymentPostprocessing = 0;
		};
		7585674D2B09760D00C4332A /* Frameworks */ = {
			isa = PBXFrameworksBuildPhase;
			buildActionMask = 2147483647;
			files = (
			);
			runOnlyForDeploymentPostprocessing = 0;
		};
		758567572B09760D00C4332A /* Frameworks */ = {
			isa = PBXFrameworksBuildPhase;
			buildActionMask = 2147483647;
			files = (
			);
			runOnlyForDeploymentPostprocessing = 0;
		};
/* End PBXFrameworksBuildPhase section */

/* Begin PBXGroup section */
		75091CEE2B1821DF00AD0BBE /* Helper */ = {
			isa = PBXGroup;
			children = (
				75091CEC2B18214700AD0BBE /* View+Extension.swift */,
				75091CFF2B1848ED00AD0BBE /* MapHelper.swift */,
			);
			path = Helper;
			sourceTree = "<group>";
		};
		75091CEF2B1821E500AD0BBE /* Model */ = {
			isa = PBXGroup;
			children = (
				75091CF02B18227A00AD0BBE /* Tab.swift */,
				75091CF22B18228200AD0BBE /* WindowSharedModel.swift */,
				75091CFA2B18477F00AD0BBE /* MapLocation.swift */,
			);
			path = Model;
			sourceTree = "<group>";
		};
		75091CFC2B1847CD00AD0BBE /* Views */ = {
			isa = PBXGroup;
			children = (
				75091CF42B1828C500AD0BBE /* ScooterCard.swift */,
				75091CF62B182CA900AD0BBE /* BatteryBar.swift */,
				75091CF82B182E9B00AD0BBE /* IDBar.swift */,
				75091CFD2B1847F400AD0BBE /* CustomTabBar.swift */,
			);
			path = Views;
			sourceTree = "<group>";
		};
		758567372B09760C00C4332A = {
			isa = PBXGroup;
			children = (
				75E844B42B09788E00F87120 /* .gitignore */,
				75E844B52B09788E00F87120 /* LICENSE */,
				75E844B32B09788E00F87120 /* README.md */,
				758567422B09760C00C4332A /* Scooter */,
				758567532B09760D00C4332A /* ScooterTests */,
				7585675D2B09760D00C4332A /* ScooterUITests */,
				758567412B09760C00C4332A /* Products */,
			);
			sourceTree = "<group>";
		};
		758567412B09760C00C4332A /* Products */ = {
			isa = PBXGroup;
			children = (
				758567402B09760C00C4332A /* Scooter.app */,
				758567502B09760D00C4332A /* ScooterTests.xctest */,
				7585675A2B09760D00C4332A /* ScooterUITests.xctest */,
			);
			name = Products;
			sourceTree = "<group>";
		};
		758567422B09760C00C4332A /* Scooter */ = {
			isa = PBXGroup;
			children = (
				75091D012B18531200AD0BBE /* Info.plist */,
				758567432B09760C00C4332A /* ScooterApp.swift */,
				758567452B09760C00C4332A /* ContentView.swift */,
				75091CFC2B1847CD00AD0BBE /* Views */,
				75091CEF2B1821E500AD0BBE /* Model */,
				75091CEE2B1821DF00AD0BBE /* Helper */,
				758567472B09760D00C4332A /* Assets.xcassets */,
				758567492B09760D00C4332A /* Preview Content */,
			);
			path = Scooter;
			sourceTree = "<group>";
		};
		758567492B09760D00C4332A /* Preview Content */ = {
			isa = PBXGroup;
			children = (
				7585674A2B09760D00C4332A /* Preview Assets.xcassets */,
			);
			path = "Preview Content";
			sourceTree = "<group>";
		};
		758567532B09760D00C4332A /* ScooterTests */ = {
			isa = PBXGroup;
			children = (
				758567542B09760D00C4332A /* ScooterTests.swift */,
			);
			path = ScooterTests;
			sourceTree = "<group>";
		};
		7585675D2B09760D00C4332A /* ScooterUITests */ = {
			isa = PBXGroup;
			children = (
				7585675E2B09760D00C4332A /* ScooterUITests.swift */,
				758567602B09760D00C4332A /* ScooterUITestsLaunchTests.swift */,
			);
			path = ScooterUITests;
			sourceTree = "<group>";
		};
/* End PBXGroup section */

/* Begin PBXNativeTarget section */
		7585673F2B09760C00C4332A /* Scooter */ = {
			isa = PBXNativeTarget;
			buildConfigurationList = 758567642B09760D00C4332A /* Build configuration list for PBXNativeTarget "Scooter" */;
			buildPhases = (
				7585673C2B09760C00C4332A /* Sources */,
				7585673D2B09760C00C4332A /* Frameworks */,
				7585673E2B09760C00C4332A /* Resources */,
			);
			buildRules = (
			);
			dependencies = (
			);
			name = Scooter;
			productName = Scooter;
			productReference = 758567402B09760C00C4332A /* Scooter.app */;
			productType = "com.apple.product-type.application";
		};
		7585674F2B09760D00C4332A /* ScooterTests */ = {
			isa = PBXNativeTarget;
			buildConfigurationList = 758567672B09760D00C4332A /* Build configuration list for PBXNativeTarget "ScooterTests" */;
			buildPhases = (
				7585674C2B09760D00C4332A /* Sources */,
				7585674D2B09760D00C4332A /* Frameworks */,
				7585674E2B09760D00C4332A /* Resources */,
			);
			buildRules = (
			);
			dependencies = (
				758567522B09760D00C4332A /* PBXTargetDependency */,
			);
			name = ScooterTests;
			productName = ScooterTests;
			productReference = 758567502B09760D00C4332A /* ScooterTests.xctest */;
			productType = "com.apple.product-type.bundle.unit-test";
		};
		758567592B09760D00C4332A /* ScooterUITests */ = {
			isa = PBXNativeTarget;
			buildConfigurationList = 7585676A2B09760D00C4332A /* Build configuration list for PBXNativeTarget "ScooterUITests" */;
			buildPhases = (
				758567562B09760D00C4332A /* Sources */,
				758567572B09760D00C4332A /* Frameworks */,
				758567582B09760D00C4332A /* Resources */,
			);
			buildRules = (
			);
			dependencies = (
				7585675C2B09760D00C4332A /* PBXTargetDependency */,
			);
			name = ScooterUITests;
			productName = ScooterUITests;
			productReference = 7585675A2B09760D00C4332A /* ScooterUITests.xctest */;
			productType = "com.apple.product-type.bundle.ui-testing";
		};
/* End PBXNativeTarget section */

/* Begin PBXProject section */
		758567382B09760C00C4332A /* Project object */ = {
			isa = PBXProject;
			attributes = {
				BuildIndependentTargetsInParallel = 1;
				LastSwiftUpdateCheck = 1500;
				LastUpgradeCheck = 1500;
				TargetAttributes = {
					7585673F2B09760C00C4332A = {
						CreatedOnToolsVersion = 15.0.1;
					};
					7585674F2B09760D00C4332A = {
						CreatedOnToolsVersion = 15.0.1;
						TestTargetID = 7585673F2B09760C00C4332A;
					};
					758567592B09760D00C4332A = {
						CreatedOnToolsVersion = 15.0.1;
						TestTargetID = 7585673F2B09760C00C4332A;
					};
				};
			};
			buildConfigurationList = 7585673B2B09760C00C4332A /* Build configuration list for PBXProject "Scooter" */;
			compatibilityVersion = "Xcode 14.0";
			developmentRegion = en;
			hasScannedForEncodings = 0;
			knownRegions = (
				en,
				Base,
			);
			mainGroup = 758567372B09760C00C4332A;
			productRefGroup = 758567412B09760C00C4332A /* Products */;
			projectDirPath = "";
			projectRoot = "";
			targets = (
				7585673F2B09760C00C4332A /* Scooter */,
				7585674F2B09760D00C4332A /* ScooterTests */,
				758567592B09760D00C4332A /* ScooterUITests */,
			);
		};
/* End PBXProject section */

/* Begin PBXResourcesBuildPhase section */
		7585673E2B09760C00C4332A /* Resources */ = {
			isa = PBXResourcesBuildPhase;
			buildActionMask = 2147483647;
			files = (
				75E844B72B09788E00F87120 /* .gitignore in Resources */,
				75E844B62B09788E00F87120 /* README.md in Resources */,
				7585674B2B09760D00C4332A /* Preview Assets.xcassets in Resources */,
				758567482B09760D00C4332A /* Assets.xcassets in Resources */,
				75E844B82B09788E00F87120 /* LICENSE in Resources */,
			);
			runOnlyForDeploymentPostprocessing = 0;
		};
		7585674E2B09760D00C4332A /* Resources */ = {
			isa = PBXResourcesBuildPhase;
			buildActionMask = 2147483647;
			files = (
			);
			runOnlyForDeploymentPostprocessing = 0;
		};
		758567582B09760D00C4332A /* Resources */ = {
			isa = PBXResourcesBuildPhase;
			buildActionMask = 2147483647;
			files = (
			);
			runOnlyForDeploymentPostprocessing = 0;
		};
/* End PBXResourcesBuildPhase section */

/* Begin PBXSourcesBuildPhase section */
		7585673C2B09760C00C4332A /* Sources */ = {
			isa = PBXSourcesBuildPhase;
			buildActionMask = 2147483647;
			files = (
				75091CF92B182E9B00AD0BBE /* IDBar.swift in Sources */,
				758567462B09760C00C4332A /* ContentView.swift in Sources */,
				75091CF52B1828C500AD0BBE /* ScooterCard.swift in Sources */,
				758567442B09760C00C4332A /* ScooterApp.swift in Sources */,
				75091D002B1848ED00AD0BBE /* MapHelper.swift in Sources */,
				75091CFB2B18477F00AD0BBE /* MapLocation.swift in Sources */,
				75091CF72B182CA900AD0BBE /* BatteryBar.swift in Sources */,
				75091CFE2B1847F400AD0BBE /* CustomTabBar.swift in Sources */,
				75091CF32B18228200AD0BBE /* WindowSharedModel.swift in Sources */,
				75091CED2B18214700AD0BBE /* View+Extension.swift in Sources */,
				75091CF12B18227A00AD0BBE /* Tab.swift in Sources */,
			);
			runOnlyForDeploymentPostprocessing = 0;
		};
		7585674C2B09760D00C4332A /* Sources */ = {
			isa = PBXSourcesBuildPhase;
			buildActionMask = 2147483647;
			files = (
				758567552B09760D00C4332A /* ScooterTests.swift in Sources */,
			);
			runOnlyForDeploymentPostprocessing = 0;
		};
		758567562B09760D00C4332A /* Sources */ = {
			isa = PBXSourcesBuildPhase;
			buildActionMask = 2147483647;
			files = (
				758567612B09760D00C4332A /* ScooterUITestsLaunchTests.swift in Sources */,
				7585675F2B09760D00C4332A /* ScooterUITests.swift in Sources */,
			);
			runOnlyForDeploymentPostprocessing = 0;
		};
/* End PBXSourcesBuildPhase section */

/* Begin PBXTargetDependency section */
		758567522B09760D00C4332A /* PBXTargetDependency */ = {
			isa = PBXTargetDependency;
			target = 7585673F2B09760C00C4332A /* Scooter */;
			targetProxy = 758567512B09760D00C4332A /* PBXContainerItemProxy */;
		};
		7585675C2B09760D00C4332A /* PBXTargetDependency */ = {
			isa = PBXTargetDependency;
			target = 7585673F2B09760C00C4332A /* Scooter */;
			targetProxy = 7585675B2B09760D00C4332A /* PBXContainerItemProxy */;
		};
/* End PBXTargetDependency section */

/* Begin XCBuildConfiguration section */
		758567622B09760D00C4332A /* Debug */ = {
			isa = XCBuildConfiguration;
			buildSettings = {
				ALWAYS_SEARCH_USER_PATHS = NO;
				ASSETCATALOG_COMPILER_GENERATE_SWIFT_ASSET_SYMBOL_EXTENSIONS = YES;
				CLANG_ANALYZER_NONNULL = YES;
				CLANG_ANALYZER_NUMBER_OBJECT_CONVERSION = YES_AGGRESSIVE;
				CLANG_CXX_LANGUAGE_STANDARD = "gnu++20";
				CLANG_ENABLE_MODULES = YES;
				CLANG_ENABLE_OBJC_ARC = YES;
				CLANG_ENABLE_OBJC_WEAK = YES;
				CLANG_WARN_BLOCK_CAPTURE_AUTORELEASING = YES;
				CLANG_WARN_BOOL_CONVERSION = YES;
				CLANG_WARN_COMMA = YES;
				CLANG_WARN_CONSTANT_CONVERSION = YES;
				CLANG_WARN_DEPRECATED_OBJC_IMPLEMENTATIONS = YES;
				CLANG_WARN_DIRECT_OBJC_ISA_USAGE = YES_ERROR;
				CLANG_WARN_DOCUMENTATION_COMMENTS = YES;
				CLANG_WARN_EMPTY_BODY = YES;
				CLANG_WARN_ENUM_CONVERSION = YES;
				CLANG_WARN_INFINITE_RECURSION = YES;
				CLANG_WARN_INT_CONVERSION = YES;
				CLANG_WARN_NON_LITERAL_NULL_CONVERSION = YES;
				CLANG_WARN_OBJC_IMPLICIT_RETAIN_SELF = YES;
				CLANG_WARN_OBJC_LITERAL_CONVERSION = YES;
				CLANG_WARN_OBJC_ROOT_CLASS = YES_ERROR;
				CLANG_WARN_QUOTED_INCLUDE_IN_FRAMEWORK_HEADER = YES;
				CLANG_WARN_RANGE_LOOP_ANALYSIS = YES;
				CLANG_WARN_STRICT_PROTOTYPES = YES;
				CLANG_WARN_SUSPICIOUS_MOVE = YES;
				CLANG_WARN_UNGUARDED_AVAILABILITY = YES_AGGRESSIVE;
				CLANG_WARN_UNREACHABLE_CODE = YES;
				CLANG_WARN__DUPLICATE_METHOD_MATCH = YES;
				COPY_PHASE_STRIP = NO;
				DEBUG_INFORMATION_FORMAT = dwarf;
				ENABLE_STRICT_OBJC_MSGSEND = YES;
				ENABLE_TESTABILITY = YES;
				ENABLE_USER_SCRIPT_SANDBOXING = YES;
				GCC_C_LANGUAGE_STANDARD = gnu17;
				GCC_DYNAMIC_NO_PIC = NO;
				GCC_NO_COMMON_BLOCKS = YES;
				GCC_OPTIMIZATION_LEVEL = 0;
				GCC_PREPROCESSOR_DEFINITIONS = (
					"DEBUG=1",
					"$(inherited)",
				);
				GCC_WARN_64_TO_32_BIT_CONVERSION = YES;
				GCC_WARN_ABOUT_RETURN_TYPE = YES_ERROR;
				GCC_WARN_UNDECLARED_SELECTOR = YES;
				GCC_WARN_UNINITIALIZED_AUTOS = YES_AGGRESSIVE;
				GCC_WARN_UNUSED_FUNCTION = YES;
				GCC_WARN_UNUSED_VARIABLE = YES;
				IPHONEOS_DEPLOYMENT_TARGET = 17.0;
				LOCALIZATION_PREFERS_STRING_CATALOGS = YES;
				MTL_ENABLE_DEBUG_INFO = INCLUDE_SOURCE;
				MTL_FAST_MATH = YES;
				ONLY_ACTIVE_ARCH = YES;
				SDKROOT = iphoneos;
				SWIFT_ACTIVE_COMPILATION_CONDITIONS = "DEBUG $(inherited)";
				SWIFT_OPTIMIZATION_LEVEL = "-Onone";
			};
			name = Debug;
		};
		758567632B09760D00C4332A /* Release */ = {
			isa = XCBuildConfiguration;
			buildSettings = {
				ALWAYS_SEARCH_USER_PATHS = NO;
				ASSETCATALOG_COMPILER_GENERATE_SWIFT_ASSET_SYMBOL_EXTENSIONS = YES;
				CLANG_ANALYZER_NONNULL = YES;
				CLANG_ANALYZER_NUMBER_OBJECT_CONVERSION = YES_AGGRESSIVE;
				CLANG_CXX_LANGUAGE_STANDARD = "gnu++20";
				CLANG_ENABLE_MODULES = YES;
				CLANG_ENABLE_OBJC_ARC = YES;
				CLANG_ENABLE_OBJC_WEAK = YES;
				CLANG_WARN_BLOCK_CAPTURE_AUTORELEASING = YES;
				CLANG_WARN_BOOL_CONVERSION = YES;
				CLANG_WARN_COMMA = YES;
				CLANG_WARN_CONSTANT_CONVERSION = YES;
				CLANG_WARN_DEPRECATED_OBJC_IMPLEMENTATIONS = YES;
				CLANG_WARN_DIRECT_OBJC_ISA_USAGE = YES_ERROR;
				CLANG_WARN_DOCUMENTATION_COMMENTS = YES;
				CLANG_WARN_EMPTY_BODY = YES;
				CLANG_WARN_ENUM_CONVERSION = YES;
				CLANG_WARN_INFINITE_RECURSION = YES;
				CLANG_WARN_INT_CONVERSION = YES;
				CLANG_WARN_NON_LITERAL_NULL_CONVERSION = YES;
				CLANG_WARN_OBJC_IMPLICIT_RETAIN_SELF = YES;
				CLANG_WARN_OBJC_LITERAL_CONVERSION = YES;
				CLANG_WARN_OBJC_ROOT_CLASS = YES_ERROR;
				CLANG_WARN_QUOTED_INCLUDE_IN_FRAMEWORK_HEADER = YES;
				CLANG_WARN_RANGE_LOOP_ANALYSIS = YES;
				CLANG_WARN_STRICT_PROTOTYPES = YES;
				CLANG_WARN_SUSPICIOUS_MOVE = YES;
				CLANG_WARN_UNGUARDED_AVAILABILITY = YES_AGGRESSIVE;
				CLANG_WARN_UNREACHABLE_CODE = YES;
				CLANG_WARN__DUPLICATE_METHOD_MATCH = YES;
				COPY_PHASE_STRIP = NO;
				DEBUG_INFORMATION_FORMAT = "dwarf-with-dsym";
				ENABLE_NS_ASSERTIONS = NO;
				ENABLE_STRICT_OBJC_MSGSEND = YES;
				ENABLE_USER_SCRIPT_SANDBOXING = YES;
				GCC_C_LANGUAGE_STANDARD = gnu17;
				GCC_NO_COMMON_BLOCKS = YES;
				GCC_WARN_64_TO_32_BIT_CONVERSION = YES;
				GCC_WARN_ABOUT_RETURN_TYPE = YES_ERROR;
				GCC_WARN_UNDECLARED_SELECTOR = YES;
				GCC_WARN_UNINITIALIZED_AUTOS = YES_AGGRESSIVE;
				GCC_WARN_UNUSED_FUNCTION = YES;
				GCC_WARN_UNUSED_VARIABLE = YES;
				IPHONEOS_DEPLOYMENT_TARGET = 17.0;
				LOCALIZATION_PREFERS_STRING_CATALOGS = YES;
				MTL_ENABLE_DEBUG_INFO = NO;
				MTL_FAST_MATH = YES;
				SDKROOT = iphoneos;
				SWIFT_COMPILATION_MODE = wholemodule;
				VALIDATE_PRODUCT = YES;
			};
			name = Release;
		};
		758567652B09760D00C4332A /* Debug */ = {
			isa = XCBuildConfiguration;
			buildSettings = {
				ASSETCATALOG_COMPILER_APPICON_NAME = AppIcon;
				ASSETCATALOG_COMPILER_GLOBAL_ACCENT_COLOR_NAME = AccentColor;
				CODE_SIGN_STYLE = Automatic;
				CURRENT_PROJECT_VERSION = 1;
				DEVELOPMENT_ASSET_PATHS = "\"Scooter/Preview Content\"";
				DEVELOPMENT_TEAM = GD2GXKLHLS;
				ENABLE_PREVIEWS = YES;
				GENERATE_INFOPLIST_FILE = YES;
				INFOPLIST_FILE = Scooter/Info.plist;
				INFOPLIST_KEY_NSLocationWhenInUseUsageDescription = "Route to nearby rentals";
				INFOPLIST_KEY_UIApplicationSceneManifest_Generation = YES;
				INFOPLIST_KEY_UIApplicationSupportsIndirectInputEvents = YES;
				INFOPLIST_KEY_UILaunchScreen_Generation = YES;
				INFOPLIST_KEY_UISupportedInterfaceOrientations = UIInterfaceOrientationPortrait;
				INFOPLIST_KEY_UISupportedInterfaceOrientations_iPad = "UIInterfaceOrientationLandscapeLeft UIInterfaceOrientationLandscapeRight UIInterfaceOrientationPortrait UIInterfaceOrientationPortraitUpsideDown";
				LD_RUNPATH_SEARCH_PATHS = (
					"$(inherited)",
					"@executable_path/Frameworks",
				);
				MARKETING_VERSION = 1.0;
				PRODUCT_BUNDLE_IDENTIFIER = com.fernandoborrell.Scooter;
				PRODUCT_NAME = "$(TARGET_NAME)";
				SWIFT_EMIT_LOC_STRINGS = YES;
				SWIFT_VERSION = 5.0;
				TARGETED_DEVICE_FAMILY = "1,2";
			};
			name = Debug;
		};
		758567662B09760D00C4332A /* Release */ = {
			isa = XCBuildConfiguration;
			buildSettings = {
				ASSETCATALOG_COMPILER_APPICON_NAME = AppIcon;
				ASSETCATALOG_COMPILER_GLOBAL_ACCENT_COLOR_NAME = AccentColor;
				CODE_SIGN_STYLE = Automatic;
				CURRENT_PROJECT_VERSION = 1;
				DEVELOPMENT_ASSET_PATHS = "\"Scooter/Preview Content\"";
				DEVELOPMENT_TEAM = GD2GXKLHLS;
				ENABLE_PREVIEWS = YES;
				GENERATE_INFOPLIST_FILE = YES;
				INFOPLIST_FILE = Scooter/Info.plist;
				INFOPLIST_KEY_NSLocationWhenInUseUsageDescription = "Route to nearby rentals";
				INFOPLIST_KEY_UIApplicationSceneManifest_Generation = YES;
				INFOPLIST_KEY_UIApplicationSupportsIndirectInputEvents = YES;
				INFOPLIST_KEY_UILaunchScreen_Generation = YES;
				INFOPLIST_KEY_UISupportedInterfaceOrientations = UIInterfaceOrientationPortrait;
				INFOPLIST_KEY_UISupportedInterfaceOrientations_iPad = "UIInterfaceOrientationLandscapeLeft UIInterfaceOrientationLandscapeRight UIInterfaceOrientationPortrait UIInterfaceOrientationPortraitUpsideDown";
				LD_RUNPATH_SEARCH_PATHS = (
					"$(inherited)",
					"@executable_path/Frameworks",
				);
				MARKETING_VERSION = 1.0;
				PRODUCT_BUNDLE_IDENTIFIER = com.fernandoborrell.Scooter;
				PRODUCT_NAME = "$(TARGET_NAME)";
				SWIFT_EMIT_LOC_STRINGS = YES;
				SWIFT_VERSION = 5.0;
				TARGETED_DEVICE_FAMILY = "1,2";
			};
			name = Release;
		};
		758567682B09760D00C4332A /* Debug */ = {
			isa = XCBuildConfiguration;
			buildSettings = {
				ALWAYS_EMBED_SWIFT_STANDARD_LIBRARIES = YES;
				BUNDLE_LOADER = "$(TEST_HOST)";
				CODE_SIGN_STYLE = Automatic;
				CURRENT_PROJECT_VERSION = 1;
				DEVELOPMENT_TEAM = GD2GXKLHLS;
				GENERATE_INFOPLIST_FILE = YES;
				IPHONEOS_DEPLOYMENT_TARGET = 17.0;
				MARKETING_VERSION = 1.0;
				PRODUCT_BUNDLE_IDENTIFIER = com.fernandoborrell.ScooterTests;
				PRODUCT_NAME = "$(TARGET_NAME)";
				SWIFT_EMIT_LOC_STRINGS = NO;
				SWIFT_VERSION = 5.0;
				TARGETED_DEVICE_FAMILY = "1,2";
				TEST_HOST = "$(BUILT_PRODUCTS_DIR)/Scooter.app/$(BUNDLE_EXECUTABLE_FOLDER_PATH)/Scooter";
			};
			name = Debug;
		};
		758567692B09760D00C4332A /* Release */ = {
			isa = XCBuildConfiguration;
			buildSettings = {
				ALWAYS_EMBED_SWIFT_STANDARD_LIBRARIES = YES;
				BUNDLE_LOADER = "$(TEST_HOST)";
				CODE_SIGN_STYLE = Automatic;
				CURRENT_PROJECT_VERSION = 1;
				DEVELOPMENT_TEAM = GD2GXKLHLS;
				GENERATE_INFOPLIST_FILE = YES;
				IPHONEOS_DEPLOYMENT_TARGET = 17.0;
				MARKETING_VERSION = 1.0;
				PRODUCT_BUNDLE_IDENTIFIER = com.fernandoborrell.ScooterTests;
				PRODUCT_NAME = "$(TARGET_NAME)";
				SWIFT_EMIT_LOC_STRINGS = NO;
				SWIFT_VERSION = 5.0;
				TARGETED_DEVICE_FAMILY = "1,2";
				TEST_HOST = "$(BUILT_PRODUCTS_DIR)/Scooter.app/$(BUNDLE_EXECUTABLE_FOLDER_PATH)/Scooter";
			};
			name = Release;
		};
		7585676B2B09760D00C4332A /* Debug */ = {
			isa = XCBuildConfiguration;
			buildSettings = {
				ALWAYS_EMBED_SWIFT_STANDARD_LIBRARIES = YES;
				CODE_SIGN_STYLE = Automatic;
				CURRENT_PROJECT_VERSION = 1;
				DEVELOPMENT_TEAM = GD2GXKLHLS;
				GENERATE_INFOPLIST_FILE = YES;
				MARKETING_VERSION = 1.0;
				PRODUCT_BUNDLE_IDENTIFIER = com.fernandoborrell.ScooterUITests;
				PRODUCT_NAME = "$(TARGET_NAME)";
				SWIFT_EMIT_LOC_STRINGS = NO;
				SWIFT_VERSION = 5.0;
				TARGETED_DEVICE_FAMILY = "1,2";
				TEST_TARGET_NAME = Scooter;
			};
			name = Debug;
		};
		7585676C2B09760D00C4332A /* Release */ = {
			isa = XCBuildConfiguration;
			buildSettings = {
				ALWAYS_EMBED_SWIFT_STANDARD_LIBRARIES = YES;
				CODE_SIGN_STYLE = Automatic;
				CURRENT_PROJECT_VERSION = 1;
				DEVELOPMENT_TEAM = GD2GXKLHLS;
				GENERATE_INFOPLIST_FILE = YES;
				MARKETING_VERSION = 1.0;
				PRODUCT_BUNDLE_IDENTIFIER = com.fernandoborrell.ScooterUITests;
				PRODUCT_NAME = "$(TARGET_NAME)";
				SWIFT_EMIT_LOC_STRINGS = NO;
				SWIFT_VERSION = 5.0;
				TARGETED_DEVICE_FAMILY = "1,2";
				TEST_TARGET_NAME = Scooter;
			};
			name = Release;
		};
/* End XCBuildConfiguration section */

/* Begin XCConfigurationList section */
		7585673B2B09760C00C4332A /* Build configuration list for PBXProject "Scooter" */ = {
			isa = XCConfigurationList;
			buildConfigurations = (
				758567622B09760D00C4332A /* Debug */,
				758567632B09760D00C4332A /* Release */,
			);
			defaultConfigurationIsVisible = 0;
			defaultConfigurationName = Release;
		};
		758567642B09760D00C4332A /* Build configuration list for PBXNativeTarget "Scooter" */ = {
			isa = XCConfigurationList;
			buildConfigurations = (
				758567652B09760D00C4332A /* Debug */,
				758567662B09760D00C4332A /* Release */,
			);
			defaultConfigurationIsVisible = 0;
			defaultConfigurationName = Release;
		};
		758567672B09760D00C4332A /* Build configuration list for PBXNativeTarget "ScooterTests" */ = {
			isa = XCConfigurationList;
			buildConfigurations = (
				758567682B09760D00C4332A /* Debug */,
				758567692B09760D00C4332A /* Release */,
			);
			defaultConfigurationIsVisible = 0;
			defaultConfigurationName = Release;
		};
		7585676A2B09760D00C4332A /* Build configuration list for PBXNativeTarget "ScooterUITests" */ = {
			isa = XCConfigurationList;
			buildConfigurations = (
				7585676B2B09760D00C4332A /* Debug */,
				7585676C2B09760D00C4332A /* Release */,
			);
			defaultConfigurationIsVisible = 0;
			defaultConfigurationName = Release;
		};
/* End XCConfigurationList section */
	};
	rootObject = 758567382B09760C00C4332A /* Project object */;
}
